
Microsoft Visual Studio Solution File, Format Version 12.00
# Visual Studio Version 16
VisualStudioVersion = 16.0.29905.134
MinimumVisualStudioVersion = 10.0.40219.1
Project("{8BC9CEB8-8B4A-11D0-8D11-00A0C91BC942}") = "Leetcode", "Leetcode\Leetcode.vcxproj", "{17E39BC8-907E-4BF8-BC27-E62C14AC34F6}"
EndProject
Project("{8BC9CEB8-8B4A-11D0-8D11-00A0C91BC942}") = "JianzhiOffer", "JianzhiOffer\JianzhiOffer.vcxproj", "{65D4028A-AA30-483C-959E-5345E13C0FC1}"
EndProject
Project("{8BC9CEB8-8B4A-11D0-8D11-00A0C91BC942}") = "Alibaba", "Alibaba\Alibaba.vcxproj", "{7CF48F51-03CC-402B-8A45-54B0812B39CA}"
EndProject
Project("{8BC9CEB8-8B4A-11D0-8D11-00A0C91BC942}") = "Kuaishou", "Kuaishou\Kuaishou.vcxproj", "{6045893C-EABD-4253-97CA-4C6DF2B8C70D}"
EndProject
Project("{8BC9CEB8-8B4A-11D0-8D11-00A0C91BC942}") = "HuaweiSimu", "HuaweiSimu\HuaweiSimu.vcxproj", "{9096E79C-44CA-4F06-BB81-E9709947F5B2}"
EndProject
Project("{8BC9CEB8-8B4A-11D0-8D11-00A0C91BC942}") = "Meituan", "Meituan\Meituan.vcxproj", "{6245382A-76E4-4072-885C-B28018960162}"
EndProject
Project("{8BC9CEB8-8B4A-11D0-8D11-00A0C91BC942}") = "KuaishouC", "KuaishouC\KuaishouC.vcxproj", "{FD658E19-47EB-42DA-98E9-90F976874182}"
EndProject
Project("{8BC9CEB8-8B4A-11D0-8D11-00A0C91BC942}") = "Expression", "Expression\Expression.vcxproj", "{755303B5-6934-4A8C-B8C4-D2AC9F799F9E}"
EndProject
Project("{8BC9CEB8-8B4A-11D0-8D11-00A0C91BC942}") = "AVL", "AVL\SomeAlgorithms.vcxproj", "{C13E32F0-1D26-40D4-BD57-9055BA240713}"
EndProject
Project("{8BC9CEB8-8B4A-11D0-8D11-00A0C91BC942}") = "Xiecheng", "Xiecheng\Xiecheng.vcxproj", "{7B5B68D5-E421-40CA-BF76-138CE46F8F61}"
EndProject
Project("{8BC9CEB8-8B4A-11D0-8D11-00A0C91BC942}") = "Pinduoduo", "Pinduoduo\Pinduoduo.vcxproj", "{D4CCDB96-48B0-4A8D-A9D5-B7BDF423B3DF}"
EndProject
Project("{8BC9CEB8-8B4A-11D0-8D11-00A0C91BC942}") = "Fudan", "Fudan\Fudan.vcxproj", "{D75E4455-4AC6-438D-BE53-2DC42B3F1EA8}"
EndProject
Global
	GlobalSection(SolutionConfigurationPlatforms) = preSolution
		Debug|x64 = Debug|x64
		Debug|x86 = Debug|x86
		Release|x64 = Release|x64
		Release|x86 = Release|x86
	EndGlobalSection
	GlobalSection(ProjectConfigurationPlatforms) = postSolution
		{17E39BC8-907E-4BF8-BC27-E62C14AC34F6}.Debug|x64.ActiveCfg = Debug|x64
		{17E39BC8-907E-4BF8-BC27-E62C14AC34F6}.Debug|x64.Build.0 = Debug|x64
		{17E39BC8-907E-4BF8-BC27-E62C14AC34F6}.Debug|x86.ActiveCfg = Debug|Win32
		{17E39BC8-907E-4BF8-BC27-E62C14AC34F6}.Debug|x86.Build.0 = Debug|Win32
		{17E39BC8-907E-4BF8-BC27-E62C14AC34F6}.Release|x64.ActiveCfg = Release|x64
		{17E39BC8-907E-4BF8-BC27-E62C14AC34F6}.Release|x64.Build.0 = Release|x64
		{17E39BC8-907E-4BF8-BC27-E62C14AC34F6}.Release|x86.ActiveCfg = Release|Win32
		{17E39BC8-907E-4BF8-BC27-E62C14AC34F6}.Release|x86.Build.0 = Release|Win32
		{65D4028A-AA30-483C-959E-5345E13C0FC1}.Debug|x64.ActiveCfg = Debug|x64
		{65D4028A-AA30-483C-959E-5345E13C0FC1}.Debug|x64.Build.0 = Debug|x64
		{65D4028A-AA30-483C-959E-5345E13C0FC1}.Debug|x86.ActiveCfg = Debug|Win32
		{65D4028A-AA30-483C-959E-5345E13C0FC1}.Debug|x86.Build.0 = Debug|Win32
		{65D4028A-AA30-483C-959E-5345E13C0FC1}.Release|x64.ActiveCfg = Release|x64
		{65D4028A-AA30-483C-959E-5345E13C0FC1}.Release|x64.Build.0 = Release|x64
		{65D4028A-AA30-483C-959E-5345E13C0FC1}.Release|x86.ActiveCfg = Release|Win32
		{65D4028A-AA30-483C-959E-5345E13C0FC1}.Release|x86.Build.0 = Release|Win32
		{7CF48F51-03CC-402B-8A45-54B0812B39CA}.Debug|x64.ActiveCfg = Debug|x64
		{7CF48F51-03CC-402B-8A45-54B0812B39CA}.Debug|x64.Build.0 = Debug|x64
		{7CF48F51-03CC-402B-8A45-54B0812B39CA}.Debug|x86.ActiveCfg = Debug|Win32
		{7CF48F51-03CC-402B-8A45-54B0812B39CA}.Debug|x86.Build.0 = Debug|Win32
		{7CF48F51-03CC-402B-8A45-54B0812B39CA}.Release|x64.ActiveCfg = Release|x64
		{7CF48F51-03CC-402B-8A45-54B0812B39CA}.Release|x64.Build.0 = Release|x64
		{7CF48F51-03CC-402B-8A45-54B0812B39CA}.Release|x86.ActiveCfg = Release|Win32
		{7CF48F51-03CC-402B-8A45-54B0812B39CA}.Release|x86.Build.0 = Release|Win32
		{6045893C-EABD-4253-97CA-4C6DF2B8C70D}.Debug|x64.ActiveCfg = Debug|x64
		{6045893C-EABD-4253-97CA-4C6DF2B8C70D}.Debug|x64.Build.0 = Debug|x64
		{6045893C-EABD-4253-97CA-4C6DF2B8C70D}.Debug|x86.ActiveCfg = Debug|Win32
		{6045893C-EABD-4253-97CA-4C6DF2B8C70D}.Debug|x86.Build.0 = Debug|Win32
		{6045893C-EABD-4253-97CA-4C6DF2B8C70D}.Release|x64.ActiveCfg = Release|x64
		{6045893C-EABD-4253-97CA-4C6DF2B8C70D}.Release|x64.Build.0 = Release|x64
		{6045893C-EABD-4253-97CA-4C6DF2B8C70D}.Release|x86.ActiveCfg = Release|Win32
		{6045893C-EABD-4253-97CA-4C6DF2B8C70D}.Release|x86.Build.0 = Release|Win32
		{9096E79C-44CA-4F06-BB81-E9709947F5B2}.Debug|x64.ActiveCfg = Debug|x64
		{9096E79C-44CA-4F06-BB81-E9709947F5B2}.Debug|x64.Build.0 = Debug|x64
		{9096E79C-44CA-4F06-BB81-E9709947F5B2}.Debug|x86.ActiveCfg = Debug|Win32
		{9096E79C-44CA-4F06-BB81-E9709947F5B2}.Debug|x86.Build.0 = Debug|Win32
		{9096E79C-44CA-4F06-BB81-E9709947F5B2}.Release|x64.ActiveCfg = Release|x64
		{9096E79C-44CA-4F06-BB81-E9709947F5B2}.Release|x64.Build.0 = Release|x64
		{9096E79C-44CA-4F06-BB81-E9709947F5B2}.Release|x86.ActiveCfg = Release|Win32
		{9096E79C-44CA-4F06-BB81-E9709947F5B2}.Release|x86.Build.0 = Release|Win32
		{6245382A-76E4-4072-885C-B28018960162}.Debug|x64.ActiveCfg = Debug|x64
		{6245382A-76E4-4072-885C-B28018960162}.Debug|x64.Build.0 = Debug|x64
		{6245382A-76E4-4072-885C-B28018960162}.Debug|x86.ActiveCfg = Debug|Win32
		{6245382A-76E4-4072-885C-B28018960162}.Debug|x86.Build.0 = Debug|Win32
		{6245382A-76E4-4072-885C-B28018960162}.Release|x64.ActiveCfg = Release|x64
		{6245382A-76E4-4072-885C-B28018960162}.Release|x64.Build.0 = Release|x64
		{6245382A-76E4-4072-885C-B28018960162}.Release|x86.ActiveCfg = Release|Win32
		{6245382A-76E4-4072-885C-B28018960162}.Release|x86.Build.0 = Release|Win32
		{FD658E19-47EB-42DA-98E9-90F976874182}.Debug|x64.ActiveCfg = Debug|x64
		{FD658E19-47EB-42DA-98E9-90F976874182}.Debug|x64.Build.0 = Debug|x64
		{FD658E19-47EB-42DA-98E9-90F976874182}.Debug|x86.ActiveCfg = Debug|Win32
		{FD658E19-47EB-42DA-98E9-90F976874182}.Debug|x86.Build.0 = Debug|Win32
		{FD658E19-47EB-42DA-98E9-90F976874182}.Release|x64.ActiveCfg = Release|x64
		{FD658E19-47EB-42DA-98E9-90F976874182}.Release|x64.Build.0 = Release|x64
		{FD658E19-47EB-42DA-98E9-90F976874182}.Release|x86.ActiveCfg = Release|Win32
		{FD658E19-47EB-42DA-98E9-90F976874182}.Release|x86.Build.0 = Release|Win32
		{755303B5-6934-4A8C-B8C4-D2AC9F799F9E}.Debug|x64.ActiveCfg = Debug|x64
		{755303B5-6934-4A8C-B8C4-D2AC9F799F9E}.Debug|x64.Build.0 = Debug|x64
		{755303B5-6934-4A8C-B8C4-D2AC9F799F9E}.Debug|x86.ActiveCfg = Debug|Win32
		{755303B5-6934-4A8C-B8C4-D2AC9F799F9E}.Debug|x86.Build.0 = Debug|Win32
		{755303B5-6934-4A8C-B8C4-D2AC9F799F9E}.Release|x64.ActiveCfg = Release|x64
		{755303B5-6934-4A8C-B8C4-D2AC9F799F9E}.Release|x64.Build.0 = Release|x64
		{755303B5-6934-4A8C-B8C4-D2AC9F799F9E}.Release|x86.ActiveCfg = Release|Win32
		{755303B5-6934-4A8C-B8C4-D2AC9F799F9E}.Release|x86.Build.0 = Release|Win32
		{C13E32F0-1D26-40D4-BD57-9055BA240713}.Debug|x64.ActiveCfg = Debug|x64
		{C13E32F0-1D26-40D4-BD57-9055BA240713}.Debug|x64.Build.0 = Debug|x64
		{C13E32F0-1D26-40D4-BD57-9055BA240713}.Debug|x86.ActiveCfg = Debug|Win32
		{C13E32F0-1D26-40D4-BD57-9055BA240713}.Debug|x86.Build.0 = Debug|Win32
		{C13E32F0-1D26-40D4-BD57-9055BA240713}.Release|x64.ActiveCfg = Release|x64
		{C13E32F0-1D26-40D4-BD57-9055BA240713}.Release|x64.Build.0 = Release|x64
		{C13E32F0-1D26-40D4-BD57-9055BA240713}.Release|x86.ActiveCfg = Release|Win32
		{C13E32F0-1D26-40D4-BD57-9055BA240713}.Release|x86.Build.0 = Release|Win32
		{7B5B68D5-E421-40CA-BF76-138CE46F8F61}.Debug|x64.ActiveCfg = Debug|x64
		{7B5B68D5-E421-40CA-BF76-138CE46F8F61}.Debug|x64.Build.0 = Debug|x64
		{7B5B68D5-E421-40CA-BF76-138CE46F8F61}.Debug|x86.ActiveCfg = Debug|Win32
		{7B5B68D5-E421-40CA-BF76-138CE46F8F61}.Debug|x86.Build.0 = Debug|Win32
		{7B5B68D5-E421-40CA-BF76-138CE46F8F61}.Release|x64.ActiveCfg = Release|x64
		{7B5B68D5-E421-40CA-BF76-138CE46F8F61}.Release|x64.Build.0 = Release|x64
		{7B5B68D5-E421-40CA-BF76-138CE46F8F61}.Release|x86.ActiveCfg = Release|Win32
		{7B5B68D5-E421-40CA-BF76-138CE46F8F61}.Release|x86.Build.0 = Release|Win32
		{D4CCDB96-48B0-4A8D-A9D5-B7BDF423B3DF}.Debug|x64.ActiveCfg = Debug|x64
		{D4CCDB96-48B0-4A8D-A9D5-B7BDF423B3DF}.Debug|x64.Build.0 = Debug|x64
		{D4CCDB96-48B0-4A8D-A9D5-B7BDF423B3DF}.Debug|x86.ActiveCfg = Debug|Win32
		{D4CCDB96-48B0-4A8D-A9D5-B7BDF423B3DF}.Debug|x86.Build.0 = Debug|Win32
		{D4CCDB96-48B0-4A8D-A9D5-B7BDF423B3DF}.Release|x64.ActiveCfg = Release|x64
		{D4CCDB96-48B0-4A8D-A9D5-B7BDF423B3DF}.Release|x64.Build.0 = Release|x64
		{D4CCDB96-48B0-4A8D-A9D5-B7BDF423B3DF}.Release|x86.ActiveCfg = Release|Win32
		{D4CCDB96-48B0-4A8D-A9D5-B7BDF423B3DF}.Release|x86.Build.0 = Release|Win32
		{D75E4455-4AC6-438D-BE53-2DC42B3F1EA8}.Debug|x64.ActiveCfg = Debug|x64
		{D75E4455-4AC6-438D-BE53-2DC42B3F1EA8}.Debug|x64.Build.0 = Debug|x64
		{D75E4455-4AC6-438D-BE53-2DC42B3F1EA8}.Debug|x86.ActiveCfg = Debug|Win32
		{D75E4455-4AC6-438D-BE53-2DC42B3F1EA8}.Debug|x86.Build.0 = Debug|Win32
		{D75E4455-4AC6-438D-BE53-2DC42B3F1EA8}.Release|x64.ActiveCfg = Release|x64
		{D75E4455-4AC6-438D-BE53-2DC42B3F1EA8}.Release|x64.Build.0 = Release|x64
		{D75E4455-4AC6-438D-BE53-2DC42B3F1EA8}.Release|x86.ActiveCfg = Release|Win32
		{D75E4455-4AC6-438D-BE53-2DC42B3F1EA8}.Release|x86.Build.0 = Release|Win32
	EndGlobalSection
	GlobalSection(SolutionProperties) = preSolution
		HideSolutionNode = FALSE
	EndGlobalSection
	GlobalSection(ExtensibilityGlobals) = postSolution
		SolutionGuid = {A1AAE98E-6388-4C6E-A984-87D54B745841}
	EndGlobalSection
EndGlobal
